version = 1
revision = 3
requires-python = ">=3.10"

[[package]]
name = "eval-fixture"
version = "0.1.0"
source = { editable = "." }
dependencies = [
    { name = "pydantic" },
]

[package.metadata]
requires-dist = [{ name = "pydantic", specifier = "==1.10.13" }]

[[package]]
name = "pydantic"
version = "1.10.13"
source = { registry = "https://pypi.org/simple" }
dependencies = [
    { name = "typing-extensions" },
]
sdist = { url = "https://files.pythonhosted.org/packages/51/cd/721eb771f3f09f60de0807e240c3acf44c38828d0ced869fe8df7e79801b/pydantic-1.10.13.tar.gz", hash = "sha256:32c8b48dcd3b2ac4e78b0ba4af3a2c2eb6048cb75202f0ea7b34feb740efc340", size = 348297, upload-time = "2023-09-27T17:44:18.786Z" }
wheels = [
    { url = "https://files.pythonhosted.org/packages/e3/39/c866689ef73ca39c4efc314fa751397ae15ee085632086383fefec8600c0/pydantic-1.10.13-cp310-cp310-macosx_10_9_x86_64.whl", hash = "sha256:efff03cc7a4f29d9009d1c96ceb1e7a70a65cfe86e89d34e4a5f2ab1e5693737", size = 2881957, upload-time = "2023-09-27T17:43:07.172Z" },
    { url = "https://files.pythonhosted.org/packages/60/8f/1c75810777a93859c4ac54179ecdd83c14d02706a648f87c51f6798e7e85/pydantic-1.10.13-cp310-cp310-macosx_11_0_arm64.whl", hash = "sha256:3ecea2b9d80e5333303eeb77e180b90e95eea8f765d08c3d278cd56b00345d01", size = 2549508, upload-time = "2023-09-27T17:43:09.885Z" },
    { url = "https://files.pythonhosted.org/packages/e0/2f/d6f17f8385d718233bcae893d27525443d41201c938b68a4af3d591a33e4/pydantic-1.10.13-cp310-cp310-manylinux_2_17_x86_64.manylinux2014_x86_64.whl", hash = "sha256:1740068fd8e2ef6eb27a20e5651df000978edce6da6803c2bef0bc74540f9548", size = 3106676, upload-time = "2023-09-27T17:43:11.911Z" },
    { url = "https://files.pythonhosted.org/packages/6d/35/2063581cd58d31c4da4891cc42d7cad1dccd805013a5534acd51593f735d/pydantic-1.10.13-cp310-cp310-manylinux_2_5_i686.manylinux1_i686.manylinux_2_17_i686.manylinux2014_i686.whl", hash = "sha256:84bafe2e60b5e78bc64a2941b4c071a4b7404c5c907f5f5a99b0139781e69ed8", size = 3136451, upload-time = "2023-09-27T17:43:13.626Z" },
    { url = "https://files.pythonhosted.org/packages/13/7c/4540e678a202273d667285309d46f09682e11e7a28c39a49670b17f96dd5/pydantic-1.10.13-cp310-cp310-musllinux_1_1_i686.whl", hash = "sha256:bc0898c12f8e9c97f6cd44c0ed70d55749eaf783716896960b4ecce2edfd2d69", size = 3166456, upload-time = "2023-09-27T17:43:15.71Z" },
    { url = "https://files.pythonhosted.org/packages/8e/45/89c01c7ed39072bf79f286e0694394d06ab07cc5084c0cd31e4364cf2000/pydantic-1.10.13-cp310-cp310-musllinux_1_1_x86_64.whl", hash = "sha256:654db58ae399fe6434e55325a2c3e959836bd17a6f6a0b6ca8107ea0571d2e17", size = 3127829, upload-time = "2023-09-27T17:43:17.339Z" },
    { url = "https://files.pythonhosted.org/packages/87/34/d2dc31739fd781daa4581705f0c2ee5fec9daf258aeed6da1ca0149d1da0/pydantic-1.10.13-cp310-cp310-win_amd64.whl", hash = "sha256:75ac15385a3534d887a99c713aa3da88a30fbd6204a5cd0dc4dab3d770b9bd2f", size = 2126700, upload-time = "2023-09-27T17:43:19.482Z" },
    { url = "https://files.pythonhosted.org/packages/61/ed/dab1c82927bca9c2b510f6aec170036efbc382c2bb3929a23f325fc30ce1/pydantic-1.10.13-cp311-cp311-macosx_10_9_x86_64.whl", hash = "sha256:c553f6a156deb868ba38a23cf0df886c63492e9257f60a79c0fd8e7173537653", size = 2828672, upload-time = "2023-09-27T17:43:21.512Z" },
    { url = "https://files.pythonhosted.org/packages/35/19/d579c5f85320cc3c89dfb74311084e5f552af904b3e6d2c11d383854a827/pydantic-1.10.13-cp311-cp311-macosx_11_0_arm64.whl", hash = "sha256:5e08865bc6464df8c7d61439ef4439829e3ab62ab1669cddea8dd00cd74b9ffe", size = 2492964, upload-time = "2023-09-27T17:43:23.792Z" },
    { url = "https://files.pythonhosted.org/packages/d2/16/2edfe3e52de9d46fee81d9b9ace90fd7a49a86e7a36d7fc280183f77515a/pydantic-1.10.13-cp311-cp311-manylinux_2_17_x86_64.manylinux2014_x86_64.whl", hash = "sha256:e31647d85a2013d926ce60b84f9dd5300d44535a9941fe825dc349ae1f760df9", size = 3072718, upload-time = "2023-09-27T17:43:25.81Z" },
    { url = "https://files.pythonhosted.org/packages/57/f4/df89f6ae390e2f6175f249b0b3a786bf34d885373c1d6242b8ca6f5abf94/pydantic-1.10.13-cp311-cp311-manylinux_2_5_i686.manylinux1_i686.manylinux_2_17_i686.manylinux2014_i686.whl", hash = "sha256:210ce042e8f6f7c01168b2d84d4c9eb2b009fe7bf572c2266e235edf14bacd80", size = 3104959, upload-time = "2023-09-27T17:43:27.58Z" },
    { url = "https://files.pythonhosted.org/packages/84/0e/cfdb1bd1e474cfb5cb5ee6e39e92cf9cb90d694d2c205adee786bb701afe/pydantic-1.10.13-cp311-cp311-musllinux_1_1_i686.whl", hash = "sha256:8ae5dd6b721459bfa30805f4c25880e0dd78fc5b5879f9f7a692196ddcb5a580", size = 3149561, upload-time = "2023-09-27T17:43:29.3Z" },
    { url = "https://files.pythonhosted.org/packages/b5/04/f70595e2e659c9454b30cd87ba8a25bd6ac0adb3c220a0d416d6d5099e13/pydantic-1.10.13-cp311-cp311-musllinux_1_1_x86_64.whl", hash = "sha256:f8e81fc5fb17dae698f52bdd1c4f18b6ca674d7068242b2aff075f588301bbb0", size = 3098547, upload-time = "2023-09-27T17:43:31.126Z" },
    { url = "https://files.pythonhosted.org/packages/9c/2b/20029a5c58943c0dd19bbf1fda77e820101b63a26237b060217821a3daa3/pydantic-1.10.13-cp311-cp311-win_amd64.whl", hash = "sha256:61d9dce220447fb74f45e73d7ff3b530e25db30192ad8d425166d43c5deb6df0", size = 2104371, upload-time = "2023-09-27T17:43:32.787Z" },
    { url = "https://files.pythonhosted.org/packages/39/9f/ab6d19c5d3fccc1e3e0d835ac773031388802b31d93937daf878465c2ecf/pydantic-1.10.13-py3-none-any.whl", hash = "sha256:b87326822e71bd5f313e7d3bfdc77ac3247035ac10b0c0618bd99dcf95b1e687", size = 158601, upload-time = "2023-09-27T17:44:17.349Z" },
]

[[package]]
name = "typing-extensions"
version = "4.16.0"
source = { registry = "https://pypi.org/simple" }
sdist = { url = "https://files.pythonhosted.org/packages/f6/cc/6253133b5bb138fc3306cebfbda2c520f545d36b5be2c7255cc528bb45d6/typing_extensions-4.16.0.tar.gz", hash = "sha256:dc983d19a509c94dba722ee6abd33940f7c05a89e243c47e907eb4db6f1a43e5", size = 113555, upload-time = "2026-07-02T08:40:05.92Z" }
wheels = [
    { url = "https://files.pythonhosted.org/packages/49/d3/b8441a820a491ddfc024b0b0cf0393375b75ea13866d9c66727e54c2fc80/typing_extensions-4.16.0-py3-none-any.whl", hash = "sha256:481caa481374e813c1b176ada14e97f1f67a4539ce9cfeb3f350d78d6370c2e8", size = 45571, upload-time = "2026-07-02T08:40:04.659Z" },
]
